// !$*UTF8*$!
{
	archiveVersion = 1;
	classes = {
	};
	objectVersion = 55;
	objects = {

/* Begin PBXBuildFile section */
		23208BDF2812DEA50019B74A /* ToolBar.swift in Sources */ = {isa = PBXBuildFile; fileRef = 23208BDE2812DEA50019B74A /* ToolBar.swift */; };
		23208BE12812E4550019B74A /* AppBar.swift in Sources */ = {isa = PBXBuildFile; fileRef = 23208BE02812E4550019B74A /* AppBar.swift */; };
		23208BE32812F4CF0019B74A /* HotelCardHorizontal.swift in Sources */ = {isa = PBXBuildFile; fileRef = 23208BE22812F4CF0019B74A /* HotelCardHorizontal.swift */; };
		23208BE52812FE290019B74A /* CategoryView.swift in Sources */ = {isa = PBXBuildFile; fileRef = 23208BE42812FE290019B74A /* CategoryView.swift */; };
		23F8927B280D8B85001CBD59 /* AppDelegate.swift in Sources */ = {isa = PBXBuildFile; fileRef = 23F8927A280D8B85001CBD59 /* AppDelegate.swift */; };
		23F8927D280D8B85001CBD59 /* SceneDelegate.swift in Sources */ = {isa = PBXBuildFile; fileRef = 23F8927C280D8B85001CBD59 /* SceneDelegate.swift */; };
		23F8927F280D8B85001CBD59 /* ViewController.swift in Sources */ = {isa = PBXBuildFile; fileRef = 23F8927E280D8B85001CBD59 /* ViewController.swift */; };
		23F89282280D8B85001CBD59 /* Main.storyboard in Resources */ = {isa = PBXBuildFile; fileRef = 23F89280280D8B85001CBD59 /* Main.storyboard */; };
		23F89285280D8B85001CBD59 /* App.xcdatamodeld in Sources */ = {isa = PBXBuildFile; fileRef = 23F89283280D8B85001CBD59 /* App.xcdatamodeld */; };
		23F89287280D8B88001CBD59 /* Assets.xcassets in Resources */ = {isa = PBXBuildFile; fileRef = 23F89286280D8B88001CBD59 /* Assets.xcassets */; };
		23F8928A280D8B88001CBD59 /* LaunchScreen.storyboard in Resources */ = {isa = PBXBuildFile; fileRef = 23F89288280D8B88001CBD59 /* LaunchScreen.storyboard */; };
		23F89292280D92C2001CBD59 /* Hotel.swift in Sources */ = {isa = PBXBuildFile; fileRef = 23F89291280D92C2001CBD59 /* Hotel.swift */; };
		23F89294280D9646001CBD59 /* HotelCard.swift in Sources */ = {isa = PBXBuildFile; fileRef = 23F89293280D9646001CBD59 /* HotelCard.swift */; };
		23F89298280D9C22001CBD59 /* SnapKit in Frameworks */ = {isa = PBXBuildFile; productRef = 23F89297280D9C22001CBD59 /* SnapKit */; };
/* End PBXBuildFile section */

/* Begin PBXFileReference section */
		23208BDE2812DEA50019B74A /* ToolBar.swift */ = {isa = PBXFileReference; lastKnownFileType = sourcecode.swift; path = ToolBar.swift; sourceTree = "<group>"; };
		23208BE02812E4550019B74A /* AppBar.swift */ = {isa = PBXFileReference; lastKnownFileType = sourcecode.swift; path = AppBar.swift; sourceTree = "<group>"; };
		23208BE22812F4CF0019B74A /* HotelCardHorizontal.swift */ = {isa = PBXFileReference; lastKnownFileType = sourcecode.swift; path = HotelCardHorizontal.swift; sourceTree = "<group>"; };
		23208BE42812FE290019B74A /* CategoryView.swift */ = {isa = PBXFileReference; lastKnownFileType = sourcecode.swift; path = CategoryView.swift; sourceTree = "<group>"; };
		23F89277280D8B85001CBD59 /* App.app */ = {isa = PBXFileReference; explicitFileType = wrapper.application; includeInIndex = 0; path = App.app; sourceTree = BUILT_PRODUCTS_DIR; };
		23F8927A280D8B85001CBD59 /* AppDelegate.swift */ = {isa = PBXFileReference; lastKnownFileType = sourcecode.swift; path = AppDelegate.swift; sourceTree = "<group>"; };
		23F8927C280D8B85001CBD59 /* SceneDelegate.swift */ = {isa = PBXFileReference; lastKnownFileType = sourcecode.swift; path = SceneDelegate.swift; sourceTree = "<group>"; };
		23F8927E280D8B85001CBD59 /* ViewController.swift */ = {isa = PBXFileReference; lastKnownFileType = sourcecode.swift; path = ViewController.swift; sourceTree = "<group>"; };
		23F89281280D8B85001CBD59 /* Base */ = {isa = PBXFileReference; lastKnownFileType = file.storyboard; name = Base; path = Base.lproj/Main.storyboard; sourceTree = "<group>"; };
		23F89284280D8B85001CBD59 /* App.xcdatamodel */ = {isa = PBXFileReference; lastKnownFileType = wrapper.xcdatamodel; path = App.xcdatamodel; sourceTree = "<group>"; };
		23F89286280D8B88001CBD59 /* Assets.xcassets */ = {isa = PBXFileReference; lastKnownFileType = folder.assetcatalog; path = Assets.xcassets; sourceTree = "<group>"; };
		23F89289280D8B88001CBD59 /* Base */ = {isa = PBXFileReference; lastKnownFileType = file.storyboard; name = Base; path = Base.lproj/LaunchScreen.storyboard; sourceTree = "<group>"; };
		23F8928B280D8B88001CBD59 /* Info.plist */ = {isa = PBXFileReference; lastKnownFileType = text.plist.xml; path = Info.plist; sourceTree = "<group>"; };
		23F89291280D92C2001CBD59 /* Hotel.swift */ = {isa = PBXFileReference; lastKnownFileType = sourcecode.swift; path = Hotel.swift; sourceTree = "<group>"; };
		23F89293280D9646001CBD59 /* HotelCard.swift */ = {isa = PBXFileReference; lastKnownFileType = sourcecode.swift; path = HotelCard.swift; sourceTree = "<group>"; };
/* End PBXFileReference section */

/* Begin PBXFrameworksBuildPhase section */
		23F89274280D8B85001CBD59 /* Frameworks */ = {
			isa = PBXFrameworksBuildPhase;
			buildActionMask = 2147483647;
			files = (
				23F89298280D9C22001CBD59 /* SnapKit in Frameworks */,
			);
			runOnlyForDeploymentPostprocessing = 0;
		};
/* End PBXFrameworksBuildPhase section */

/* Begin PBXGroup section */
		23F8926E280D8B85001CBD59 = {
			isa = PBXGroup;
			children = (
				23F89279280D8B85001CBD59 /* App */,
				23F89278280D8B85001CBD59 /* Products */,
			);
			sourceTree = "<group>";
		};
		23F89278280D8B85001CBD59 /* Products */ = {
			isa = PBXGroup;
			children = (
				23F89277280D8B85001CBD59 /* App.app */,
			);
			name = Products;
			sourceTree = "<group>";
		};
		23F89279280D8B85001CBD59 /* App */ = {
			isa = PBXGroup;
			children = (
				23F8927A280D8B85001CBD59 /* AppDelegate.swift */,
				23F8927C280D8B85001CBD59 /* SceneDelegate.swift */,
				23F8927E280D8B85001CBD59 /* ViewController.swift */,
				23F89280280D8B85001CBD59 /* Main.storyboard */,
				23F89286280D8B88001CBD59 /* Assets.xcassets */,
				23F89288280D8B88001CBD59 /* LaunchScreen.storyboard */,
				23F8928B280D8B88001CBD59 /* Info.plist */,
				23F89283280D8B85001CBD59 /* App.xcdatamodeld */,
				23F89291280D92C2001CBD59 /* Hotel.swift */,
				23F89293280D9646001CBD59 /* HotelCard.swift */,
				23208BDE2812DEA50019B74A /* ToolBar.swift */,
				23208BE02812E4550019B74A /* AppBar.swift */,
				23208BE22812F4CF0019B74A /* HotelCardHorizontal.swift */,
				23208BE42812FE290019B74A /* CategoryView.swift */,
			);
			path = App;
			sourceTree = "<group>";
		};
/* End PBXGroup section */

/* Begin PBXNativeTarget section */
		23F89276280D8B85001CBD59 /* App */ = {
			isa = PBXNativeTarget;
			buildConfigurationList = 23F8928E280D8B88001CBD59 /* Build configuration list for PBXNativeTarget "App" */;
			buildPhases = (
				23F89273280D8B85001CBD59 /* Sources */,
				23F89274280D8B85001CBD59 /* Frameworks */,
				23F89275280D8B85001CBD59 /* Resources */,
			);
			buildRules = (
			);
			dependencies = (
			);
			name = App;
			packageProductDependencies = (
				23F89297280D9C22001CBD59 /* SnapKit */,
			);
			productName = App;
			productReference = 23F89277280D8B85001CBD59 /* App.app */;
			productType = "com.apple.product-type.application";
		};
/* End PBXNativeTarget section */

/* Begin PBXProject section */
		23F8926F280D8B85001CBD59 /* Project object */ = {
			isa = PBXProject;
			attributes = {
				BuildIndependentTargetsInParallel = 1;
				LastSwiftUpdateCheck = 1330;
				LastUpgradeCheck = 1330;
				TargetAttributes = {
					23F89276280D8B85001CBD59 = {
						CreatedOnToolsVersion = 13.3;
					};
				};
			};
			buildConfigurationList = 23F89272280D8B85001CBD59 /* Build configuration list for PBXProject "App" */;
			compatibilityVersion = "Xcode 13.0";
			developmentRegion = en;
			hasScannedForEncodings = 0;
			knownRegions = (
				en,
				Base,
			);
			mainGroup = 23F8926E280D8B85001CBD59;
			packageReferences = (
				23F89296280D9C22001CBD59 /* XCRemoteSwiftPackageReference "SnapKit" */,
			);
			productRefGroup = 23F89278280D8B85001CBD59 /* Products */;
			projectDirPath = "";
			projectRoot = "";
			targets = (
				23F89276280D8B85001CBD59 /* App */,
			);
		};
/* End PBXProject section */

/* Begin PBXResourcesBuildPhase section */
		23F89275280D8B85001CBD59 /* Resources */ = {
			isa = PBXResourcesBuildPhase;
			buildActionMask = 2147483647;
			files = (
				23F8928A280D8B88001CBD59 /* LaunchScreen.storyboard in Resources */,
				23F89287280D8B88001CBD59 /* Assets.xcassets in Resources */,
				23F89282280D8B85001CBD59 /* Main.storyboard in Resources */,
			);
			runOnlyForDeploymentPostprocessing = 0;
		};
/* End PBXResourcesBuildPhase section */

/* Begin PBXSourcesBuildPhase section */
		23F89273280D8B85001CBD59 /* Sources */ = {
			isa = PBXSourcesBuildPhase;
			buildActionMask = 2147483647;
			files = (
				23F89292280D92C2001CBD59 /* Hotel.swift in Sources */,
				23F8927F280D8B85001CBD59 /* ViewController.swift in Sources */,
				23F89294280D9646001CBD59 /* HotelCard.swift in Sources */,
				23F89285280D8B85001CBD59 /* App.xcdatamodeld in Sources */,
				23208BE52812FE290019B74A /* CategoryView.swift in Sources */,
				23208BDF2812DEA50019B74A /* ToolBar.swift in Sources */,
				23208BE32812F4CF0019B74A /* HotelCardHorizontal.swift in Sources */,
				23208BE12812E4550019B74A /* AppBar.swift in Sources */,
				23F8927B280D8B85001CBD59 /* AppDelegate.swift in Sources */,
				23F8927D280D8B85001CBD59 /* SceneDelegate.swift in Sources */,
			);
			runOnlyForDeploymentPostprocessing = 0;
		};
/* End PBXSourcesBuildPhase section */

/* Begin PBXVariantGroup section */
		23F89280280D8B85001CBD59 /* Main.storyboard */ = {
			isa = PBXVariantGroup;
			children = (
				23F89281280D8B85001CBD59 /* Base */,
			);
			name = Main.storyboard;
			sourceTree = "<group>";
		};
		23F89288280D8B88001CBD59 /* LaunchScreen.storyboard */ = {
			isa = PBXVariantGroup;
			children = (
				23F89289280D8B88001CBD59 /* Base */,
			);
			name = LaunchScreen.storyboard;
			sourceTree = "<group>";
		};
/* End PBXVariantGroup section */

/* Begin XCBuildConfiguration section */
		23F8928C280D8B88001CBD59 /* Debug */ = {
			isa = XCBuildConfiguration;
			buildSettings = {
				ALWAYS_SEARCH_USER_PATHS = NO;
				CLANG_ANALYZER_NONNULL = YES;
				CLANG_ANALYZER_NUMBER_OBJECT_CONVERSION = YES_AGGRESSIVE;
				CLANG_CXX_LANGUAGE_STANDARD = "gnu++17";
				CLANG_ENABLE_MODULES = YES;
				CLANG_ENABLE_OBJC_ARC = YES;
				CLANG_ENABLE_OBJC_WEAK = YES;
				CLANG_WARN_BLOCK_CAPTURE_AUTORELEASING = YES;
				CLANG_WARN_BOOL_CONVERSION = YES;
				CLANG_WARN_COMMA = YES;
				CLANG_WARN_CONSTANT_CONVERSION = YES;
				CLANG_WARN_DEPRECATED_OBJC_IMPLEMENTATIONS = YES;
				CLANG_WARN_DIRECT_OBJC_ISA_USAGE = YES_ERROR;
				CLANG_WARN_DOCUMENTATION_COMMENTS = YES;
				CLANG_WARN_EMPTY_BODY = YES;
				CLANG_WARN_ENUM_CONVERSION = YES;
				CLANG_WARN_INFINITE_RECURSION = YES;
				CLANG_WARN_INT_CONVERSION = YES;
				CLANG_WARN_NON_LITERAL_NULL_CONVERSION = YES;
				CLANG_WARN_OBJC_IMPLICIT_RETAIN_SELF = YES;
				CLANG_WARN_OBJC_LITERAL_CONVERSION = YES;
				CLANG_WARN_OBJC_ROOT_CLASS = YES_ERROR;
				CLANG_WARN_QUOTED_INCLUDE_IN_FRAMEWORK_HEADER = YES;
				CLANG_WARN_RANGE_LOOP_ANALYSIS = YES;
				CLANG_WARN_STRICT_PROTOTYPES = YES;
				CLANG_WARN_SUSPICIOUS_MOVE = YES;
				CLANG_WARN_UNGUARDED_AVAILABILITY = YES_AGGRESSIVE;
				CLANG_WARN_UNREACHABLE_CODE = YES;
				CLANG_WARN__DUPLICATE_METHOD_MATCH = YES;
				COPY_PHASE_STRIP = NO;
				DEBUG_INFORMATION_FORMAT = dwarf;
				ENABLE_STRICT_OBJC_MSGSEND = YES;
				ENABLE_TESTABILITY = YES;
				GCC_C_LANGUAGE_STANDARD = gnu11;
				GCC_DYNAMIC_NO_PIC = NO;
				GCC_NO_COMMON_BLOCKS = YES;
				GCC_OPTIMIZATION_LEVEL = 0;
				GCC_PREPROCESSOR_DEFINITIONS = (
					"DEBUG=1",
					"$(inherited)",
				);
				GCC_WARN_64_TO_32_BIT_CONVERSION = YES;
				GCC_WARN_ABOUT_RETURN_TYPE = YES_ERROR;
				GCC_WARN_UNDECLARED_SELECTOR = YES;
				GCC_WARN_UNINITIALIZED_AUTOS = YES_AGGRESSIVE;
				GCC_WARN_UNUSED_FUNCTION = YES;
				GCC_WARN_UNUSED_VARIABLE = YES;
				IPHONEOS_DEPLOYMENT_TARGET = 15.4;
				MTL_ENABLE_DEBUG_INFO = INCLUDE_SOURCE;
				MTL_FAST_MATH = YES;
				ONLY_ACTIVE_ARCH = YES;
				SDKROOT = iphoneos;
				SWIFT_ACTIVE_COMPILATION_CONDITIONS = DEBUG;
				SWIFT_OPTIMIZATION_LEVEL = "-Onone";
			};
			name = Debug;
		};
		23F8928D280D8B88001CBD59 /* Release */ = {
			isa = XCBuildConfiguration;
			buildSettings = {
				ALWAYS_SEARCH_USER_PATHS = NO;
				CLANG_ANALYZER_NONNULL = YES;
				CLANG_ANALYZER_NUMBER_OBJECT_CONVERSION = YES_AGGRESSIVE;
				CLANG_CXX_LANGUAGE_STANDARD = "gnu++17";
				CLANG_ENABLE_MODULES = YES;
				CLANG_ENABLE_OBJC_ARC = YES;
				CLANG_ENABLE_OBJC_WEAK = YES;
				CLANG_WARN_BLOCK_CAPTURE_AUTORELEASING = YES;
				CLANG_WARN_BOOL_CONVERSION = YES;
				CLANG_WARN_COMMA = YES;
				CLANG_WARN_CONSTANT_CONVERSION = YES;
				CLANG_WARN_DEPRECATED_OBJC_IMPLEMENTATIONS = YES;
				CLANG_WARN_DIRECT_OBJC_ISA_USAGE = YES_ERROR;
				CLANG_WARN_DOCUMENTATION_COMMENTS = YES;
				CLANG_WARN_EMPTY_BODY = YES;
				CLANG_WARN_ENUM_CONVERSION = YES;
				CLANG_WARN_INFINITE_RECURSION = YES;
				CLANG_WARN_INT_CONVERSION = YES;
				CLANG_WARN_NON_LITERAL_NULL_CONVERSION = YES;
				CLANG_WARN_OBJC_IMPLICIT_RETAIN_SELF = YES;
				CLANG_WARN_OBJC_LITERAL_CONVERSION = YES;
				CLANG_WARN_OBJC_ROOT_CLASS = YES_ERROR;
				CLANG_WARN_QUOTED_INCLUDE_IN_FRAMEWORK_HEADER = YES;
				CLANG_WARN_RANGE_LOOP_ANALYSIS = YES;
				CLANG_WARN_STRICT_PROTOTYPES = YES;
				CLANG_WARN_SUSPICIOUS_MOVE = YES;
				CLANG_WARN_UNGUARDED_AVAILABILITY = YES_AGGRESSIVE;
				CLANG_WARN_UNREACHABLE_CODE = YES;
				CLANG_WARN__DUPLICATE_METHOD_MATCH = YES;
				COPY_PHASE_STRIP = NO;
				DEBUG_INFORMATION_FORMAT = "dwarf-with-dsym";
				ENABLE_NS_ASSERTIONS = NO;
				ENABLE_STRICT_OBJC_MSGSEND = YES;
				GCC_C_LANGUAGE_STANDARD = gnu11;
				GCC_NO_COMMON_BLOCKS = YES;
				GCC_WARN_64_TO_32_BIT_CONVERSION = YES;
				GCC_WARN_ABOUT_RETURN_TYPE = YES_ERROR;
				GCC_WARN_UNDECLARED_SELECTOR = YES;
				GCC_WARN_UNINITIALIZED_AUTOS = YES_AGGRESSIVE;
				GCC_WARN_UNUSED_FUNCTION = YES;
				GCC_WARN_UNUSED_VARIABLE = YES;
				IPHONEOS_DEPLOYMENT_TARGET = 15.4;
				MTL_ENABLE_DEBUG_INFO = NO;
				MTL_FAST_MATH = YES;
				SDKROOT = iphoneos;
				SWIFT_COMPILATION_MODE = wholemodule;
				SWIFT_OPTIMIZATION_LEVEL = "-O";
				VALIDATE_PRODUCT = YES;
			};
			name = Release;
		};
		23F8928F280D8B88001CBD59 /* Debug */ = {
			isa = XCBuildConfiguration;
			buildSettings = {
				ASSETCATALOG_COMPILER_APPICON_NAME = AppIcon;
				ASSETCATALOG_COMPILER_GLOBAL_ACCENT_COLOR_NAME = AccentColor;
				CODE_SIGN_STYLE = Automatic;
				CURRENT_PROJECT_VERSION = 1;
				GENERATE_INFOPLIST_FILE = YES;
				INFOPLIST_FILE = App/Info.plist;
				INFOPLIST_KEY_UIApplicationSupportsIndirectInputEvents = YES;
				INFOPLIST_KEY_UILaunchStoryboardName = LaunchScreen;
				INFOPLIST_KEY_UIMainStoryboardFile = Main;
				INFOPLIST_KEY_UISupportedInterfaceOrientations_iPad = "UIInterfaceOrientationPortrait UIInterfaceOrientationPortraitUpsideDown UIInterfaceOrientationLandscapeLeft UIInterfaceOrientationLandscapeRight";
				INFOPLIST_KEY_UISupportedInterfaceOrientations_iPhone = "UIInterfaceOrientationPortrait UIInterfaceOrientationLandscapeLeft UIInterfaceOrientationLandscapeRight";
				LD_RUNPATH_SEARCH_PATHS = (
					"$(inherited)",
					"@executable_path/Frameworks",
				);
				MARKETING_VERSION = 1.0;
				PRODUCT_BUNDLE_IDENTIFIER = com.beyrak.App;
				PRODUCT_NAME = "$(TARGET_NAME)";
				SWIFT_EMIT_LOC_STRINGS = YES;
				SWIFT_VERSION = 5.0;
				TARGETED_DEVICE_FAMILY = "1,2";
			};
			name = Debug;
		};
		23F89290280D8B88001CBD59 /* Release */ = {
			isa = XCBuildConfiguration;
			buildSettings = {
				ASSETCATALOG_COMPILER_APPICON_NAME = AppIcon;
				ASSETCATALOG_COMPILER_GLOBAL_ACCENT_COLOR_NAME = AccentColor;
				CODE_SIGN_STYLE = Automatic;
				CURRENT_PROJECT_VERSION = 1;
				GENERATE_INFOPLIST_FILE = YES;
				INFOPLIST_FILE = App/Info.plist;
				INFOPLIST_KEY_UIApplicationSupportsIndirectInputEvents = YES;
				INFOPLIST_KEY_UILaunchStoryboardName = LaunchScreen;
				INFOPLIST_KEY_UIMainStoryboardFile = Main;
				INFOPLIST_KEY_UISupportedInterfaceOrientations_iPad = "UIInterfaceOrientationPortrait UIInterfaceOrientationPortraitUpsideDown UIInterfaceOrientationLandscapeLeft UIInterfaceOrientationLandscapeRight";
				INFOPLIST_KEY_UISupportedInterfaceOrientations_iPhone = "UIInterfaceOrientationPortrait UIInterfaceOrientationLandscapeLeft UIInterfaceOrientationLandscapeRight";
				LD_RUNPATH_SEARCH_PATHS = (
					"$(inherited)",
					"@executable_path/Frameworks",
				);
				MARKETING_VERSION = 1.0;
				PRODUCT_BUNDLE_IDENTIFIER = com.beyrak.App;
				PRODUCT_NAME = "$(TARGET_NAME)";
				SWIFT_EMIT_LOC_STRINGS = YES;
				SWIFT_VERSION = 5.0;
				TARGETED_DEVICE_FAMILY = "1,2";
			};
			name = Release;
		};
/* End XCBuildConfiguration section */

/* Begin XCConfigurationList section */
		23F89272280D8B85001CBD59 /* Build configuration list for PBXProject "App" */ = {
			isa = XCConfigurationList;
			buildConfigurations = (
				23F8928C280D8B88001CBD59 /* Debug */,
				23F8928D280D8B88001CBD59 /* Release */,
			);
			defaultConfigurationIsVisible = 0;
			defaultConfigurationName = Release;
		};
		23F8928E280D8B88001CBD59 /* Build configuration list for PBXNativeTarget "App" */ = {
			isa = XCConfigurationList;
			buildConfigurations = (
				23F8928F280D8B88001CBD59 /* Debug */,
				23F89290280D8B88001CBD59 /* Release */,
			);
			defaultConfigurationIsVisible = 0;
			defaultConfigurationName = Release;
		};
/* End XCConfigurationList section */

/* Begin XCRemoteSwiftPackageReference section */
		23F89296280D9C22001CBD59 /* XCRemoteSwiftPackageReference "SnapKit" */ = {
			isa = XCRemoteSwiftPackageReference;
			repositoryURL = "https://github.com/SnapKit/SnapKit.git";
			requirement = {
				kind = upToNextMajorVersion;
				minimumVersion = 5.0.0;
			};
		};
/* End XCRemoteSwiftPackageReference section */

/* Begin XCSwiftPackageProductDependency section */
		23F89297280D9C22001CBD59 /* SnapKit */ = {
			isa = XCSwiftPackageProductDependency;
			package = 23F89296280D9C22001CBD59 /* XCRemoteSwiftPackageReference "SnapKit" */;
			productName = SnapKit;
		};
/* End XCSwiftPackageProductDependency section */

/* Begin XCVersionGroup section */
		23F89283280D8B85001CBD59 /* App.xcdatamodeld */ = {
			isa = XCVersionGroup;
			children = (
				23F89284280D8B85001CBD59 /* App.xcdatamodel */,
			);
			currentVersion = 23F89284280D8B85001CBD59 /* App.xcdatamodel */;
			path = App.xcdatamodeld;
			sourceTree = "<group>";
			versionGroupType = wrapper.xcdatamodel;
		};
/* End XCVersionGroup section */
	};
	rootObject = 23F8926F280D8B85001CBD59 /* Project object */;
}
